
Microsoft Visual Studio Solution File, Format Version 12.00
Project("{FAE04EC0-301F-11D3-BF4B-00C04F79EFBC}") = "EntityFrameworkCore.Convention", "EntityFrameworkCore.Convention\EntityFrameworkCore.Convention.csproj", "{74D7FE4C-731F-4759-A788-855754EDBD7F}"
EndProject
Project("{FAE04EC0-301F-11D3-BF4B-00C04F79EFBC}") = "EntityFrameworkCore.Convention.Test", "EntityFrameworkCore.Convention.Test\EntityFrameworkCore.Convention.Test.csproj", "{BFC9F449-589C-4E52-B054-8D8A9FB14B4D}"
EndProject
Global
	GlobalSection(SolutionConfigurationPlatforms) = preSolution
		Debug|Any CPU = Debug|Any CPU
		Release|Any CPU = Release|Any CPU
	EndGlobalSection
	GlobalSection(ProjectConfigurationPlatforms) = postSolution
		{74D7FE4C-731F-4759-A788-855754EDBD7F}.Debug|Any CPU.ActiveCfg = Debug|Any CPU
		{74D7FE4C-731F-4759-A788-855754EDBD7F}.Debug|Any CPU.Build.0 = Debug|Any CPU
		{74D7FE4C-731F-4759-A788-855754EDBD7F}.Release|Any CPU.ActiveCfg = Release|Any CPU
		{74D7FE4C-731F-4759-A788-855754EDBD7F}.Release|Any CPU.Build.0 = Release|Any CPU
		{BFC9F449-589C-4E52-B054-8D8A9FB14B4D}.Debug|Any CPU.ActiveCfg = Debug|Any CPU
		{BFC9F449-589C-4E52-B054-8D8A9FB14B4D}.Debug|Any CPU.Build.0 = Debug|Any CPU
		{BFC9F449-589C-4E52-B054-8D8A9FB14B4D}.Release|Any CPU.ActiveCfg = Release|Any CPU
		{BFC9F449-589C-4E52-B054-8D8A9FB14B4D}.Release|Any CPU.Build.0 = Release|Any CPU
	EndGlobalSection
EndGlobal
